
Microsoft Visual Studio Solution File, Format Version 12.00
Project("{FAE04EC0-301F-11D3-BF4B-00C04F79EFBC}") = "path-view", "path-view\path-view.csproj", "{CEB56AFA-D7B6-454C-AA76-D194F156581F}"
EndProject
Global
	GlobalSection(SolutionConfigurationPlatforms) = preSolution
		Debug|Any CPU = Debug|Any CPU
		Release|Any CPU = Release|Any CPU
	EndGlobalSection
	GlobalSection(ProjectConfigurationPlatforms) = postSolution
		{CEB56AFA-D7B6-454C-AA76-D194F156581F}.Debug|Any CPU.ActiveCfg = Debug|Any CPU
		{CEB56AFA-D7B6-454C-AA76-D194F156581F}.Debug|Any CPU.Build.0 = Debug|Any CPU
		{CEB56AFA-D7B6-454C-AA76-D194F156581F}.Release|Any CPU.ActiveCfg = Release|Any CPU
		{CEB56AFA-D7B6-454C-AA76-D194F156581F}.Release|Any CPU.Build.0 = Release|Any CPU
	EndGlobalSection
EndGlobal
